
Microsoft Visual Studio Solution File, Format Version 12.00
# Visual Studio Version 17
VisualStudioVersion = 17.0.31903.59
MinimumVisualStudioVersion = 10.0.40219.1
Project("{FAE04EC0-301F-11D3-BF4B-00C04F79EFBC}") = "Liquip.Limine", "Liquip.Limine\Liquip.Limine.csproj", "{AB2929DD-C8EB-4693-A022-666988D68CE4}"
EndProject
Project("{FAE04EC0-301F-11D3-BF4B-00C04F79EFBC}") = "Liquip.FileSystems", "Liquip.FileSystems\Liquip.FileSystems.csproj", "{DCEADC0D-743C-44A4-893A-8C99DF17B192}"
EndProject
Project("{FAE04EC0-301F-11D3-BF4B-00C04F79EFBC}") = "Liquip", "Liquip\Liquip.csproj", "{9E7C63F5-0159-460B-8643-101287ACC07B}"
EndProject
Project("{FAE04EC0-301F-11D3-BF4B-00C04F79EFBC}") = "Liquip.Plugs", "Liquip.Plugs\Liquip.Plugs.csproj", "{3A7368D9-CA9B-4AF4-A316-5B10ECAA61B8}"
EndProject
Project("{FAE04EC0-301F-11D3-BF4B-00C04F79EFBC}") = "Liquip.Logger", "Liquip.Logger\Liquip.Logger.csproj", "{3DF4A038-9836-4512-8E31-41679C2012FF}"
EndProject
Project("{FAE04EC0-301F-11D3-BF4B-00C04F79EFBC}") = "Liquip.Threading", "Liquip.Threading\Liquip.Threading.csproj", "{7EF3CDDF-AB97-47DD-81F8-04B3A3417EAA}"
EndProject
Project("{2150E333-8FDC-42A3-9474-1A3956D46DE8}") = "Threading", "Threading", "{39F38B3E-0858-49E3-A230-129D7685C47C}"
EndProject
Project("{2150E333-8FDC-42A3-9474-1A3956D46DE8}") = "Cosmos", "Cosmos", "{B6F3D32F-9674-408A-9687-1E5A4467473C}"
EndProject
Project("{2150E333-8FDC-42A3-9474-1A3956D46DE8}") = "XSharp", "XSharp", "{11E93476-37F9-4899-9674-3FA87EC6321D}"
EndProject
Project("{FAE04EC0-301F-11D3-BF4B-00C04F79EFBC}") = "Liquip.XSharp", "Liquip.XSharp\Liquip.XSharp.csproj", "{1EC5E9CA-4805-4E62-9B67-CFDA6307048D}"
EndProject
Project("{FAE04EC0-301F-11D3-BF4B-00C04F79EFBC}") = "Liquip.Memory", "Liquip.Memory\Liquip.Memory.csproj", "{C19E5B39-8B1C-48E0-9A37-4D6C45DFE723}"
EndProject
Project("{FAE04EC0-301F-11D3-BF4B-00C04F79EFBC}") = "Liquip.Core", "Liquip.Core\Liquip.Core.csproj", "{CBB3C8B0-6162-4EE9-8B6D-8002EA4E3502}"
EndProject
Project("{2150E333-8FDC-42A3-9474-1A3956D46DE8}") = "Tools", "Tools", "{E099E089-C7FC-47C3-A4C6-AE91DF3EF032}"
EndProject
Project("{FAE04EC0-301F-11D3-BF4B-00C04F79EFBC}") = "PlugMaker", "PlugMaker\PlugMaker.csproj", "{143CBC2D-E3F3-4268-A16E-FD5D07DF5CE5}"
EndProject
Project("{2150E333-8FDC-42A3-9474-1A3956D46DE8}") = "Tests", "Tests", "{14CA906F-0E37-4380-BC23-37D6EF4DF2F8}"
	ProjectSection(SolutionItems) = preProject
	EndProjectSection
EndProject
Project("{FAE04EC0-301F-11D3-BF4B-00C04F79EFBC}") = "Liquip.Threading.Plugs", "Liquip.Threading.Plugs\Liquip.Threading.Plugs.csproj", "{9C9B5FD9-C1ED-4672-B3DD-65706D0DA39B}"
EndProject
Project("{FAE04EC0-301F-11D3-BF4B-00C04F79EFBC}") = "Liquip.Common", "Liquip.Common\Liquip.Common.csproj", "{08210C2B-D610-490B-8C67-A507C045500A}"
EndProject
Project("{FAE04EC0-301F-11D3-BF4B-00C04F79EFBC}") = "Liquip.Asm", "Liquip.Asm\Liquip.Asm.csproj", "{E79D0947-9040-4A75-930F-024650E47987}"
EndProject
Project("{FAE04EC0-301F-11D3-BF4B-00C04F79EFBC}") = "Liquip.Syscall", "Liquip.Syscall\Liquip.Syscall.csproj", "{A7CFB286-2BC0-477D-AED0-10C3FBA0CADF}"
EndProject
Project("{FAE04EC0-301F-11D3-BF4B-00C04F79EFBC}") = "CosmosManager", "CosmosManager\CosmosManager.csproj", "{FA3F77B5-F0A5-407D-AD63-45562FCDC99D}"
EndProject
Project("{FAE04EC0-301F-11D3-BF4B-00C04F79EFBC}") = "Liquip.Process.DotNetParser", "Liquip.Process.DotNetParser\Liquip.Process.DotNetParser.csproj", "{C55D60FA-C658-4C68-AEC3-C27EEFF56D0F}"
EndProject
Project("{2150E333-8FDC-42A3-9474-1A3956D46DE8}") = "Process", "Process", "{1AC2AA8F-1168-4545-8C52-5E1DDF3E8FE2}"
EndProject
Project("{2150E333-8FDC-42A3-9474-1A3956D46DE8}") = "SysCall", "SysCall", "{2C42B4C7-8111-4B65-B2F9-0DB7D0646CE5}"
EndProject
Project("{FAE04EC0-301F-11D3-BF4B-00C04F79EFBC}") = "Liquip.SysCall.SourceGenerator", "Liquip.SysCall.SourceGenerator\Liquip.SysCall.SourceGenerator.csproj", "{87248337-2B27-4B00-8D8C-75E99995E031}"
EndProject
Project("{2150E333-8FDC-42A3-9474-1A3956D46DE8}") = "Driver", "Driver", "{A98E671F-8A1C-4C2E-A22F-D996D084C7B4}"
EndProject
Project("{FAE04EC0-301F-11D3-BF4B-00C04F79EFBC}") = "Liquip.Driver.VirtIO", "Liquip.Driver.VirtIO\Liquip.Driver.VirtIO.csproj", "{8068275C-1873-4108-A30E-31B07CF7D9CA}"
EndProject
Project("{2150E333-8FDC-42A3-9474-1A3956D46DE8}") = "CICD", "CICD", "{F0A8DEA7-794E-40F5-9B59-D5D34C667DDE}"
	ProjectSection(SolutionItems) = preProject
		.gitlab-ci.yml = .gitlab-ci.yml
		CICD\build_and_push_nuget.sh = CICD\build_and_push_nuget.sh
		CICD\Dockerfile = CICD\Dockerfile
	EndProjectSection
EndProject
Project("{FAE04EC0-301F-11D3-BF4B-00C04F79EFBC}") = "Liquip.ProcessLoader", "Liquip.ProcessLoader\Liquip.ProcessLoader.csproj", "{D947AAB5-83B6-4F0A-B789-4793C3E93AB7}"
EndProject
Project("{FAE04EC0-301F-11D3-BF4B-00C04F79EFBC}") = "Liquip.WASM", "Liquip.WASM\Liquip.WASM.csproj", "{73806C05-23B3-412B-ABC8-BEF14AA8A913}"
EndProject
Project("{FAE04EC0-301F-11D3-BF4B-00C04F79EFBC}") = "Liquip.Process.WASM", "Liquip.Process.WASM\Liquip.Process.WASM.csproj", "{87F97F3F-39EB-43A0-A761-4BE2AD00AB19}"
EndProject
Project("{FAE04EC0-301F-11D3-BF4B-00C04F79EFBC}") = "Liquip.Threading.UNitTest", "Tests\UNit\Liquip.Threading.UNitTest\Liquip.Threading.UNitTest.csproj", "{8E7CD0E7-887A-4EC6-A539-E8495B66F491}"
EndProject
Project("{FAE04EC0-301F-11D3-BF4B-00C04F79EFBC}") = "Liquip.XSharp.UNitTest", "Tests\UNit\Liquip.XSharp.UNitTest\Liquip.XSharp.UNitTest.csproj", "{5CD701AC-5123-42A6-A4ED-707F28436D52}"
EndProject
Project("{2150E333-8FDC-42A3-9474-1A3956D46DE8}") = "Cosmos", "Cosmos", "{5D51AF85-F0CA-4503-9085-B146AF6F1CBC}"
EndProject
Project("{2150E333-8FDC-42A3-9474-1A3956D46DE8}") = "UNit", "UNit", "{B39D1993-BEBA-4CE6-995F-6AB801830D73}"
EndProject
Project("{2150E333-8FDC-42A3-9474-1A3956D46DE8}") = "Build", "Build", "{FFEDFF12-BC41-4BF7-BD8E-D10469DA2B2C}"
	ProjectSection(SolutionItems) = preProject
		Directory.Build.props = Directory.Build.props
		Directory.Build.targets = Directory.Build.targets
	EndProjectSection
EndProject
Project("{FAE04EC0-301F-11D3-BF4B-00C04F79EFBC}") = "Liquip.WASM.UNitTest", "Tests\UNit\Liquip.WASM.UNitTest\Liquip.WASM.UNitTest.csproj", "{A8748803-E322-49BD-8704-61C1C8F427D9}"
EndProject
Project("{FAE04EC0-301F-11D3-BF4B-00C04F79EFBC}") = "EMU6502", "EMU6502\EMU6502.csproj", "{C9A4C816-1B71-4C95-B57D-BAB6DBF49E5C}"
EndProject
Project("{FAE04EC0-301F-11D3-BF4B-00C04F79EFBC}") = "Liquip.Graphics", "Liquip.Graphics\Liquip.Graphics.csproj", "{BBD250D3-ABA7-4714-A61B-0A336ADA16C6}"
EndProject
Global
	GlobalSection(SolutionConfigurationPlatforms) = preSolution
		Debug|Any CPU = Debug|Any CPU
		Release|Any CPU = Release|Any CPU
	EndGlobalSection
	GlobalSection(SolutionProperties) = preSolution
		HideSolutionNode = FALSE
	EndGlobalSection
	GlobalSection(ProjectConfigurationPlatforms) = postSolution
		{AB2929DD-C8EB-4693-A022-666988D68CE4}.Debug|Any CPU.ActiveCfg = Debug|Any CPU
		{AB2929DD-C8EB-4693-A022-666988D68CE4}.Debug|Any CPU.Build.0 = Debug|Any CPU
		{AB2929DD-C8EB-4693-A022-666988D68CE4}.Release|Any CPU.ActiveCfg = Release|Any CPU
		{AB2929DD-C8EB-4693-A022-666988D68CE4}.Release|Any CPU.Build.0 = Release|Any CPU
		{DCEADC0D-743C-44A4-893A-8C99DF17B192}.Debug|Any CPU.ActiveCfg = Debug|Any CPU
		{DCEADC0D-743C-44A4-893A-8C99DF17B192}.Debug|Any CPU.Build.0 = Debug|Any CPU
		{DCEADC0D-743C-44A4-893A-8C99DF17B192}.Release|Any CPU.ActiveCfg = Release|Any CPU
		{DCEADC0D-743C-44A4-893A-8C99DF17B192}.Release|Any CPU.Build.0 = Release|Any CPU
		{9E7C63F5-0159-460B-8643-101287ACC07B}.Debug|Any CPU.ActiveCfg = Debug|Any CPU
		{9E7C63F5-0159-460B-8643-101287ACC07B}.Debug|Any CPU.Build.0 = Debug|Any CPU
		{9E7C63F5-0159-460B-8643-101287ACC07B}.Release|Any CPU.ActiveCfg = Release|Any CPU
		{9E7C63F5-0159-460B-8643-101287ACC07B}.Release|Any CPU.Build.0 = Release|Any CPU
		{3A7368D9-CA9B-4AF4-A316-5B10ECAA61B8}.Debug|Any CPU.ActiveCfg = Debug|Any CPU
		{3A7368D9-CA9B-4AF4-A316-5B10ECAA61B8}.Debug|Any CPU.Build.0 = Debug|Any CPU
		{3A7368D9-CA9B-4AF4-A316-5B10ECAA61B8}.Release|Any CPU.ActiveCfg = Release|Any CPU
		{3A7368D9-CA9B-4AF4-A316-5B10ECAA61B8}.Release|Any CPU.Build.0 = Release|Any CPU
		{3DF4A038-9836-4512-8E31-41679C2012FF}.Debug|Any CPU.ActiveCfg = Debug|Any CPU
		{3DF4A038-9836-4512-8E31-41679C2012FF}.Debug|Any CPU.Build.0 = Debug|Any CPU
		{3DF4A038-9836-4512-8E31-41679C2012FF}.Release|Any CPU.ActiveCfg = Release|Any CPU
		{3DF4A038-9836-4512-8E31-41679C2012FF}.Release|Any CPU.Build.0 = Release|Any CPU
		{7EF3CDDF-AB97-47DD-81F8-04B3A3417EAA}.Debug|Any CPU.ActiveCfg = Debug|Any CPU
		{7EF3CDDF-AB97-47DD-81F8-04B3A3417EAA}.Debug|Any CPU.Build.0 = Debug|Any CPU
		{7EF3CDDF-AB97-47DD-81F8-04B3A3417EAA}.Release|Any CPU.ActiveCfg = Release|Any CPU
		{7EF3CDDF-AB97-47DD-81F8-04B3A3417EAA}.Release|Any CPU.Build.0 = Release|Any CPU
		{1EC5E9CA-4805-4E62-9B67-CFDA6307048D}.Debug|Any CPU.ActiveCfg = Debug|Any CPU
		{1EC5E9CA-4805-4E62-9B67-CFDA6307048D}.Debug|Any CPU.Build.0 = Debug|Any CPU
		{1EC5E9CA-4805-4E62-9B67-CFDA6307048D}.Release|Any CPU.ActiveCfg = Release|Any CPU
		{1EC5E9CA-4805-4E62-9B67-CFDA6307048D}.Release|Any CPU.Build.0 = Release|Any CPU
		{C19E5B39-8B1C-48E0-9A37-4D6C45DFE723}.Debug|Any CPU.ActiveCfg = Debug|Any CPU
		{C19E5B39-8B1C-48E0-9A37-4D6C45DFE723}.Debug|Any CPU.Build.0 = Debug|Any CPU
		{C19E5B39-8B1C-48E0-9A37-4D6C45DFE723}.Release|Any CPU.ActiveCfg = Release|Any CPU
		{C19E5B39-8B1C-48E0-9A37-4D6C45DFE723}.Release|Any CPU.Build.0 = Release|Any CPU
		{CBB3C8B0-6162-4EE9-8B6D-8002EA4E3502}.Debug|Any CPU.ActiveCfg = Debug|Any CPU
		{CBB3C8B0-6162-4EE9-8B6D-8002EA4E3502}.Debug|Any CPU.Build.0 = Debug|Any CPU
		{CBB3C8B0-6162-4EE9-8B6D-8002EA4E3502}.Release|Any CPU.ActiveCfg = Release|Any CPU
		{CBB3C8B0-6162-4EE9-8B6D-8002EA4E3502}.Release|Any CPU.Build.0 = Release|Any CPU
		{143CBC2D-E3F3-4268-A16E-FD5D07DF5CE5}.Debug|Any CPU.ActiveCfg = Debug|Any CPU
		{143CBC2D-E3F3-4268-A16E-FD5D07DF5CE5}.Debug|Any CPU.Build.0 = Debug|Any CPU
		{143CBC2D-E3F3-4268-A16E-FD5D07DF5CE5}.Release|Any CPU.ActiveCfg = Release|Any CPU
		{143CBC2D-E3F3-4268-A16E-FD5D07DF5CE5}.Release|Any CPU.Build.0 = Release|Any CPU
		{9C9B5FD9-C1ED-4672-B3DD-65706D0DA39B}.Debug|Any CPU.ActiveCfg = Debug|Any CPU
		{9C9B5FD9-C1ED-4672-B3DD-65706D0DA39B}.Debug|Any CPU.Build.0 = Debug|Any CPU
		{9C9B5FD9-C1ED-4672-B3DD-65706D0DA39B}.Release|Any CPU.ActiveCfg = Release|Any CPU
		{9C9B5FD9-C1ED-4672-B3DD-65706D0DA39B}.Release|Any CPU.Build.0 = Release|Any CPU
		{08210C2B-D610-490B-8C67-A507C045500A}.Debug|Any CPU.ActiveCfg = Debug|Any CPU
		{08210C2B-D610-490B-8C67-A507C045500A}.Debug|Any CPU.Build.0 = Debug|Any CPU
		{08210C2B-D610-490B-8C67-A507C045500A}.Release|Any CPU.ActiveCfg = Release|Any CPU
		{08210C2B-D610-490B-8C67-A507C045500A}.Release|Any CPU.Build.0 = Release|Any CPU
		{E79D0947-9040-4A75-930F-024650E47987}.Debug|Any CPU.ActiveCfg = Debug|Any CPU
		{E79D0947-9040-4A75-930F-024650E47987}.Debug|Any CPU.Build.0 = Debug|Any CPU
		{E79D0947-9040-4A75-930F-024650E47987}.Release|Any CPU.ActiveCfg = Release|Any CPU
		{E79D0947-9040-4A75-930F-024650E47987}.Release|Any CPU.Build.0 = Release|Any CPU
		{A7CFB286-2BC0-477D-AED0-10C3FBA0CADF}.Debug|Any CPU.ActiveCfg = Debug|Any CPU
		{A7CFB286-2BC0-477D-AED0-10C3FBA0CADF}.Debug|Any CPU.Build.0 = Debug|Any CPU
		{A7CFB286-2BC0-477D-AED0-10C3FBA0CADF}.Release|Any CPU.ActiveCfg = Release|Any CPU
		{A7CFB286-2BC0-477D-AED0-10C3FBA0CADF}.Release|Any CPU.Build.0 = Release|Any CPU
		{FA3F77B5-F0A5-407D-AD63-45562FCDC99D}.Debug|Any CPU.ActiveCfg = Debug|Any CPU
		{FA3F77B5-F0A5-407D-AD63-45562FCDC99D}.Debug|Any CPU.Build.0 = Debug|Any CPU
		{FA3F77B5-F0A5-407D-AD63-45562FCDC99D}.Release|Any CPU.ActiveCfg = Release|Any CPU
		{FA3F77B5-F0A5-407D-AD63-45562FCDC99D}.Release|Any CPU.Build.0 = Release|Any CPU
		{C55D60FA-C658-4C68-AEC3-C27EEFF56D0F}.Debug|Any CPU.ActiveCfg = Debug|Any CPU
		{C55D60FA-C658-4C68-AEC3-C27EEFF56D0F}.Debug|Any CPU.Build.0 = Debug|Any CPU
		{C55D60FA-C658-4C68-AEC3-C27EEFF56D0F}.Release|Any CPU.ActiveCfg = Release|Any CPU
		{C55D60FA-C658-4C68-AEC3-C27EEFF56D0F}.Release|Any CPU.Build.0 = Release|Any CPU
		{87248337-2B27-4B00-8D8C-75E99995E031}.Debug|Any CPU.ActiveCfg = Debug|Any CPU
		{87248337-2B27-4B00-8D8C-75E99995E031}.Debug|Any CPU.Build.0 = Debug|Any CPU
		{87248337-2B27-4B00-8D8C-75E99995E031}.Release|Any CPU.ActiveCfg = Release|Any CPU
		{87248337-2B27-4B00-8D8C-75E99995E031}.Release|Any CPU.Build.0 = Release|Any CPU
		{8068275C-1873-4108-A30E-31B07CF7D9CA}.Debug|Any CPU.ActiveCfg = Debug|Any CPU
		{8068275C-1873-4108-A30E-31B07CF7D9CA}.Debug|Any CPU.Build.0 = Debug|Any CPU
		{8068275C-1873-4108-A30E-31B07CF7D9CA}.Release|Any CPU.ActiveCfg = Release|Any CPU
		{8068275C-1873-4108-A30E-31B07CF7D9CA}.Release|Any CPU.Build.0 = Release|Any CPU
		{D947AAB5-83B6-4F0A-B789-4793C3E93AB7}.Debug|Any CPU.ActiveCfg = Debug|Any CPU
		{D947AAB5-83B6-4F0A-B789-4793C3E93AB7}.Debug|Any CPU.Build.0 = Debug|Any CPU
		{D947AAB5-83B6-4F0A-B789-4793C3E93AB7}.Release|Any CPU.ActiveCfg = Release|Any CPU
		{D947AAB5-83B6-4F0A-B789-4793C3E93AB7}.Release|Any CPU.Build.0 = Release|Any CPU
		{73806C05-23B3-412B-ABC8-BEF14AA8A913}.Debug|Any CPU.ActiveCfg = Debug|Any CPU
		{73806C05-23B3-412B-ABC8-BEF14AA8A913}.Debug|Any CPU.Build.0 = Debug|Any CPU
		{73806C05-23B3-412B-ABC8-BEF14AA8A913}.Release|Any CPU.ActiveCfg = Release|Any CPU
		{73806C05-23B3-412B-ABC8-BEF14AA8A913}.Release|Any CPU.Build.0 = Release|Any CPU
		{87F97F3F-39EB-43A0-A761-4BE2AD00AB19}.Debug|Any CPU.ActiveCfg = Debug|Any CPU
		{87F97F3F-39EB-43A0-A761-4BE2AD00AB19}.Debug|Any CPU.Build.0 = Debug|Any CPU
		{87F97F3F-39EB-43A0-A761-4BE2AD00AB19}.Release|Any CPU.ActiveCfg = Release|Any CPU
		{87F97F3F-39EB-43A0-A761-4BE2AD00AB19}.Release|Any CPU.Build.0 = Release|Any CPU
		{8E7CD0E7-887A-4EC6-A539-E8495B66F491}.Debug|Any CPU.ActiveCfg = Debug|Any CPU
		{8E7CD0E7-887A-4EC6-A539-E8495B66F491}.Debug|Any CPU.Build.0 = Debug|Any CPU
		{8E7CD0E7-887A-4EC6-A539-E8495B66F491}.Release|Any CPU.ActiveCfg = Release|Any CPU
		{8E7CD0E7-887A-4EC6-A539-E8495B66F491}.Release|Any CPU.Build.0 = Release|Any CPU
		{5CD701AC-5123-42A6-A4ED-707F28436D52}.Debug|Any CPU.ActiveCfg = Debug|Any CPU
		{5CD701AC-5123-42A6-A4ED-707F28436D52}.Debug|Any CPU.Build.0 = Debug|Any CPU
		{5CD701AC-5123-42A6-A4ED-707F28436D52}.Release|Any CPU.ActiveCfg = Release|Any CPU
		{5CD701AC-5123-42A6-A4ED-707F28436D52}.Release|Any CPU.Build.0 = Release|Any CPU
		{17427959-A963-4789-8AF1-07B7D56CD223}.Debug|Any CPU.ActiveCfg = Debug|Any CPU
		{17427959-A963-4789-8AF1-07B7D56CD223}.Debug|Any CPU.Build.0 = Debug|Any CPU
		{17427959-A963-4789-8AF1-07B7D56CD223}.Release|Any CPU.ActiveCfg = Release|Any CPU
		{17427959-A963-4789-8AF1-07B7D56CD223}.Release|Any CPU.Build.0 = Release|Any CPU
		{A8748803-E322-49BD-8704-61C1C8F427D9}.Debug|Any CPU.ActiveCfg = Debug|Any CPU
		{A8748803-E322-49BD-8704-61C1C8F427D9}.Debug|Any CPU.Build.0 = Debug|Any CPU
		{A8748803-E322-49BD-8704-61C1C8F427D9}.Release|Any CPU.ActiveCfg = Release|Any CPU
		{A8748803-E322-49BD-8704-61C1C8F427D9}.Release|Any CPU.Build.0 = Release|Any CPU
		{C9A4C816-1B71-4C95-B57D-BAB6DBF49E5C}.Debug|Any CPU.ActiveCfg = Debug|Any CPU
		{C9A4C816-1B71-4C95-B57D-BAB6DBF49E5C}.Debug|Any CPU.Build.0 = Debug|Any CPU
		{C9A4C816-1B71-4C95-B57D-BAB6DBF49E5C}.Release|Any CPU.ActiveCfg = Release|Any CPU
		{C9A4C816-1B71-4C95-B57D-BAB6DBF49E5C}.Release|Any CPU.Build.0 = Release|Any CPU
		{BBD250D3-ABA7-4714-A61B-0A336ADA16C6}.Debug|Any CPU.ActiveCfg = Debug|Any CPU
		{BBD250D3-ABA7-4714-A61B-0A336ADA16C6}.Debug|Any CPU.Build.0 = Debug|Any CPU
		{BBD250D3-ABA7-4714-A61B-0A336ADA16C6}.Release|Any CPU.ActiveCfg = Release|Any CPU
		{BBD250D3-ABA7-4714-A61B-0A336ADA16C6}.Release|Any CPU.Build.0 = Release|Any CPU
	EndGlobalSection
	GlobalSection(NestedProjects) = preSolution
		{08210C2B-D610-490B-8C67-A507C045500A} = {B6F3D32F-9674-408A-9687-1E5A4467473C}
		{9C9B5FD9-C1ED-4672-B3DD-65706D0DA39B} = {39F38B3E-0858-49E3-A230-129D7685C47C}
		{143CBC2D-E3F3-4268-A16E-FD5D07DF5CE5} = {E099E089-C7FC-47C3-A4C6-AE91DF3EF032}
		{CBB3C8B0-6162-4EE9-8B6D-8002EA4E3502} = {B6F3D32F-9674-408A-9687-1E5A4467473C}
		{7EF3CDDF-AB97-47DD-81F8-04B3A3417EAA} = {39F38B3E-0858-49E3-A230-129D7685C47C}
		{39F38B3E-0858-49E3-A230-129D7685C47C} = {B6F3D32F-9674-408A-9687-1E5A4467473C}
		{9E7C63F5-0159-460B-8643-101287ACC07B} = {B6F3D32F-9674-408A-9687-1E5A4467473C}
		{DCEADC0D-743C-44A4-893A-8C99DF17B192} = {B6F3D32F-9674-408A-9687-1E5A4467473C}
		{AB2929DD-C8EB-4693-A022-666988D68CE4} = {B6F3D32F-9674-408A-9687-1E5A4467473C}
		{3DF4A038-9836-4512-8E31-41679C2012FF} = {B6F3D32F-9674-408A-9687-1E5A4467473C}
		{3A7368D9-CA9B-4AF4-A316-5B10ECAA61B8} = {B6F3D32F-9674-408A-9687-1E5A4467473C}
		{1EC5E9CA-4805-4E62-9B67-CFDA6307048D} = {11E93476-37F9-4899-9674-3FA87EC6321D}
		{C19E5B39-8B1C-48E0-9A37-4D6C45DFE723} = {B6F3D32F-9674-408A-9687-1E5A4467473C}
		{FA3F77B5-F0A5-407D-AD63-45562FCDC99D} = {E099E089-C7FC-47C3-A4C6-AE91DF3EF032}
		{C55D60FA-C658-4C68-AEC3-C27EEFF56D0F} = {1AC2AA8F-1168-4545-8C52-5E1DDF3E8FE2}
		{2C42B4C7-8111-4B65-B2F9-0DB7D0646CE5} = {B6F3D32F-9674-408A-9687-1E5A4467473C}
		{A7CFB286-2BC0-477D-AED0-10C3FBA0CADF} = {2C42B4C7-8111-4B65-B2F9-0DB7D0646CE5}
		{87248337-2B27-4B00-8D8C-75E99995E031} = {2C42B4C7-8111-4B65-B2F9-0DB7D0646CE5}
		{A98E671F-8A1C-4C2E-A22F-D996D084C7B4} = {B6F3D32F-9674-408A-9687-1E5A4467473C}
		{8068275C-1873-4108-A30E-31B07CF7D9CA} = {A98E671F-8A1C-4C2E-A22F-D996D084C7B4}
		{D947AAB5-83B6-4F0A-B789-4793C3E93AB7} = {B6F3D32F-9674-408A-9687-1E5A4467473C}
		{87F97F3F-39EB-43A0-A761-4BE2AD00AB19} = {1AC2AA8F-1168-4545-8C52-5E1DDF3E8FE2}
		{5D51AF85-F0CA-4503-9085-B146AF6F1CBC} = {14CA906F-0E37-4380-BC23-37D6EF4DF2F8}
		{B39D1993-BEBA-4CE6-995F-6AB801830D73} = {14CA906F-0E37-4380-BC23-37D6EF4DF2F8}
		{8E7CD0E7-887A-4EC6-A539-E8495B66F491} = {B39D1993-BEBA-4CE6-995F-6AB801830D73}
		{5CD701AC-5123-42A6-A4ED-707F28436D52} = {B39D1993-BEBA-4CE6-995F-6AB801830D73}
		{A8748803-E322-49BD-8704-61C1C8F427D9} = {B39D1993-BEBA-4CE6-995F-6AB801830D73}
		{BBD250D3-ABA7-4714-A61B-0A336ADA16C6} = {B6F3D32F-9674-408A-9687-1E5A4467473C}
	EndGlobalSection
EndGlobal
