
Microsoft Visual Studio Solution File, Format Version 12.00
# Visual Studio Version 17
VisualStudioVersion = 17.0.31903.59
MinimumVisualStudioVersion = 10.0.40219.1
Project("{2150E333-8FDC-42A3-9474-1A3956D46DE8}") = "Cosmos", "Cosmos", "{973EF0D6-9E22-4684-AFE0-E8BBD5FD4A74}"
	ProjectSection(SolutionItems) = preProject
	EndProjectSection
EndProject
Project("{FAE04EC0-301F-11D3-BF4B-00C04F79EFBC}") = "Zarlo.Cosmos", "Zarlo.Cosmos\Zarlo.Cosmos.csproj", "{D664FBC9-F3B6-47ED-8926-3D9CBD2F428D}"
EndProject
Global
	GlobalSection(SolutionConfigurationPlatforms) = preSolution
		Debug|Any CPU = Debug|Any CPU
		Release|Any CPU = Release|Any CPU
	EndGlobalSection
	GlobalSection(SolutionProperties) = preSolution
		HideSolutionNode = FALSE
	EndGlobalSection
	GlobalSection(ProjectConfigurationPlatforms) = postSolution
		{D664FBC9-F3B6-47ED-8926-3D9CBD2F428D}.Debug|Any CPU.ActiveCfg = Debug|Any CPU
		{D664FBC9-F3B6-47ED-8926-3D9CBD2F428D}.Debug|Any CPU.Build.0 = Debug|Any CPU
		{D664FBC9-F3B6-47ED-8926-3D9CBD2F428D}.Release|Any CPU.ActiveCfg = Release|Any CPU
		{D664FBC9-F3B6-47ED-8926-3D9CBD2F428D}.Release|Any CPU.Build.0 = Release|Any CPU
	EndGlobalSection
	GlobalSection(NestedProjects) = preSolution
		{D664FBC9-F3B6-47ED-8926-3D9CBD2F428D} = {973EF0D6-9E22-4684-AFE0-E8BBD5FD4A74}
	EndGlobalSection
EndGlobal
